
Microsoft Visual Studio Solution File, Format Version 12.00
# Visual Studio 2013
VisualStudioVersion = 12.0.20827.3
MinimumVisualStudioVersion = 10.0.40219.1
Project("{FAE04EC0-301F-11D3-BF4B-00C04F79EFBC}") = "Shell", "Windows Phone\Shell\Shell.csproj", "{A551BFF3-6A0E-4DDF-91F3-845FE8D571CF}"
EndProject
Project("{FAE04EC0-301F-11D3-BF4B-00C04F79EFBC}") = "Pages", "Windows Phone\Pages\Pages.csproj", "{C8997941-621C-4728-B9EB-BFF3EDED0285}"
EndProject
Project("{FAE04EC0-301F-11D3-BF4B-00C04F79EFBC}") = "SharedLibrary", "SharedLibrary\SharedLibrary.csproj", "{C610749E-C0B1-4933-BABC-1CBEAF0366F4}"
EndProject
Project("{FAE04EC0-301F-11D3-BF4B-00C04F79EFBC}") = "Facades", "Windows Phone\Facades\Facades.csproj", "{6038F50F-22B5-4A6F-8121-8ED60303A2B8}"
EndProject
Project("{2150E333-8FDC-42A3-9474-1A3956D46DE8}") = "Windows Phone", "Windows Phone", "{98E254F3-6D39-424F-A4BE-C42A42FAA0C4}"
EndProject
Project("{2150E333-8FDC-42A3-9474-1A3956D46DE8}") = "Windows", "Windows", "{71775148-9E78-4B91-B1D0-0956C262A107}"
EndProject
Project("{FAE04EC0-301F-11D3-BF4B-00C04F79EFBC}") = "Shell", "Windows\Shell\Shell.csproj", "{79E7E8F7-771D-44C6-87BB-3A29699293DC}"
EndProject
Project("{FAE04EC0-301F-11D3-BF4B-00C04F79EFBC}") = "Pages", "Windows\Pages\Pages.csproj", "{FCEA5728-EC63-4194-940E-2C30FB1D22D3}"
EndProject
Project("{FAE04EC0-301F-11D3-BF4B-00C04F79EFBC}") = "Facades", "Windows\Facades\Facades.csproj", "{C51043D9-8ABD-42E4-BFBE-ABB72642F6E2}"
EndProject
Project("{FAE04EC0-301F-11D3-BF4B-00C04F79EFBC}") = "TransitionLibrary", "Windows Phone\TransitionLibrary\TransitionLibrary.csproj", "{C06A076B-E8CA-4D21-8C53-E27BD4FDA010}"
EndProject
Global
	GlobalSection(SolutionConfigurationPlatforms) = preSolution
		Debug|Any CPU = Debug|Any CPU
		Debug|ARM = Debug|ARM
		Debug|x64 = Debug|x64
		Debug|x86 = Debug|x86
		Release|Any CPU = Release|Any CPU
		Release|ARM = Release|ARM
		Release|x64 = Release|x64
		Release|x86 = Release|x86
	EndGlobalSection
	GlobalSection(ProjectConfigurationPlatforms) = postSolution
		{A551BFF3-6A0E-4DDF-91F3-845FE8D571CF}.Debug|Any CPU.ActiveCfg = Debug|Any CPU
		{A551BFF3-6A0E-4DDF-91F3-845FE8D571CF}.Debug|Any CPU.Build.0 = Debug|Any CPU
		{A551BFF3-6A0E-4DDF-91F3-845FE8D571CF}.Debug|Any CPU.Deploy.0 = Debug|Any CPU
		{A551BFF3-6A0E-4DDF-91F3-845FE8D571CF}.Debug|ARM.ActiveCfg = Debug|ARM
		{A551BFF3-6A0E-4DDF-91F3-845FE8D571CF}.Debug|ARM.Build.0 = Debug|ARM
		{A551BFF3-6A0E-4DDF-91F3-845FE8D571CF}.Debug|ARM.Deploy.0 = Debug|ARM
		{A551BFF3-6A0E-4DDF-91F3-845FE8D571CF}.Debug|x64.ActiveCfg = Debug|Any CPU
		{A551BFF3-6A0E-4DDF-91F3-845FE8D571CF}.Debug|x86.ActiveCfg = Debug|x86
		{A551BFF3-6A0E-4DDF-91F3-845FE8D571CF}.Debug|x86.Build.0 = Debug|x86
		{A551BFF3-6A0E-4DDF-91F3-845FE8D571CF}.Debug|x86.Deploy.0 = Debug|x86
		{A551BFF3-6A0E-4DDF-91F3-845FE8D571CF}.Release|Any CPU.ActiveCfg = Release|Any CPU
		{A551BFF3-6A0E-4DDF-91F3-845FE8D571CF}.Release|Any CPU.Build.0 = Release|Any CPU
		{A551BFF3-6A0E-4DDF-91F3-845FE8D571CF}.Release|Any CPU.Deploy.0 = Release|Any CPU
		{A551BFF3-6A0E-4DDF-91F3-845FE8D571CF}.Release|ARM.ActiveCfg = Release|ARM
		{A551BFF3-6A0E-4DDF-91F3-845FE8D571CF}.Release|ARM.Build.0 = Release|ARM
		{A551BFF3-6A0E-4DDF-91F3-845FE8D571CF}.Release|ARM.Deploy.0 = Release|ARM
		{A551BFF3-6A0E-4DDF-91F3-845FE8D571CF}.Release|x64.ActiveCfg = Release|Any CPU
		{A551BFF3-6A0E-4DDF-91F3-845FE8D571CF}.Release|x86.ActiveCfg = Release|x86
		{A551BFF3-6A0E-4DDF-91F3-845FE8D571CF}.Release|x86.Build.0 = Release|x86
		{A551BFF3-6A0E-4DDF-91F3-845FE8D571CF}.Release|x86.Deploy.0 = Release|x86
		{C8997941-621C-4728-B9EB-BFF3EDED0285}.Debug|Any CPU.ActiveCfg = Debug|Any CPU
		{C8997941-621C-4728-B9EB-BFF3EDED0285}.Debug|Any CPU.Build.0 = Debug|Any CPU
		{C8997941-621C-4728-B9EB-BFF3EDED0285}.Debug|ARM.ActiveCfg = Debug|ARM
		{C8997941-621C-4728-B9EB-BFF3EDED0285}.Debug|ARM.Build.0 = Debug|ARM
		{C8997941-621C-4728-B9EB-BFF3EDED0285}.Debug|x64.ActiveCfg = Debug|Any CPU
		{C8997941-621C-4728-B9EB-BFF3EDED0285}.Debug|x86.ActiveCfg = Debug|x86
		{C8997941-621C-4728-B9EB-BFF3EDED0285}.Debug|x86.Build.0 = Debug|x86
		{C8997941-621C-4728-B9EB-BFF3EDED0285}.Release|Any CPU.ActiveCfg = Release|Any CPU
		{C8997941-621C-4728-B9EB-BFF3EDED0285}.Release|Any CPU.Build.0 = Release|Any CPU
		{C8997941-621C-4728-B9EB-BFF3EDED0285}.Release|ARM.ActiveCfg = Release|ARM
		{C8997941-621C-4728-B9EB-BFF3EDED0285}.Release|ARM.Build.0 = Release|ARM
		{C8997941-621C-4728-B9EB-BFF3EDED0285}.Release|x64.ActiveCfg = Release|Any CPU
		{C8997941-621C-4728-B9EB-BFF3EDED0285}.Release|x86.ActiveCfg = Release|x86
		{C8997941-621C-4728-B9EB-BFF3EDED0285}.Release|x86.Build.0 = Release|x86
		{C610749E-C0B1-4933-BABC-1CBEAF0366F4}.Debug|Any CPU.ActiveCfg = Debug|Any CPU
		{C610749E-C0B1-4933-BABC-1CBEAF0366F4}.Debug|Any CPU.Build.0 = Debug|Any CPU
		{C610749E-C0B1-4933-BABC-1CBEAF0366F4}.Debug|ARM.ActiveCfg = Debug|Any CPU
		{C610749E-C0B1-4933-BABC-1CBEAF0366F4}.Debug|x64.ActiveCfg = Debug|Any CPU
		{C610749E-C0B1-4933-BABC-1CBEAF0366F4}.Debug|x86.ActiveCfg = Debug|Any CPU
		{C610749E-C0B1-4933-BABC-1CBEAF0366F4}.Release|Any CPU.ActiveCfg = Release|Any CPU
		{C610749E-C0B1-4933-BABC-1CBEAF0366F4}.Release|Any CPU.Build.0 = Release|Any CPU
		{C610749E-C0B1-4933-BABC-1CBEAF0366F4}.Release|ARM.ActiveCfg = Release|Any CPU
		{C610749E-C0B1-4933-BABC-1CBEAF0366F4}.Release|x64.ActiveCfg = Release|Any CPU
		{C610749E-C0B1-4933-BABC-1CBEAF0366F4}.Release|x86.ActiveCfg = Release|Any CPU
		{6038F50F-22B5-4A6F-8121-8ED60303A2B8}.Debug|Any CPU.ActiveCfg = Debug|Any CPU
		{6038F50F-22B5-4A6F-8121-8ED60303A2B8}.Debug|Any CPU.Build.0 = Debug|Any CPU
		{6038F50F-22B5-4A6F-8121-8ED60303A2B8}.Debug|ARM.ActiveCfg = Debug|ARM
		{6038F50F-22B5-4A6F-8121-8ED60303A2B8}.Debug|ARM.Build.0 = Debug|ARM
		{6038F50F-22B5-4A6F-8121-8ED60303A2B8}.Debug|x64.ActiveCfg = Debug|Any CPU
		{6038F50F-22B5-4A6F-8121-8ED60303A2B8}.Debug|x86.ActiveCfg = Debug|x86
		{6038F50F-22B5-4A6F-8121-8ED60303A2B8}.Debug|x86.Build.0 = Debug|x86
		{6038F50F-22B5-4A6F-8121-8ED60303A2B8}.Release|Any CPU.ActiveCfg = Release|Any CPU
		{6038F50F-22B5-4A6F-8121-8ED60303A2B8}.Release|Any CPU.Build.0 = Release|Any CPU
		{6038F50F-22B5-4A6F-8121-8ED60303A2B8}.Release|ARM.ActiveCfg = Release|ARM
		{6038F50F-22B5-4A6F-8121-8ED60303A2B8}.Release|ARM.Build.0 = Release|ARM
		{6038F50F-22B5-4A6F-8121-8ED60303A2B8}.Release|x64.ActiveCfg = Release|Any CPU
		{6038F50F-22B5-4A6F-8121-8ED60303A2B8}.Release|x86.ActiveCfg = Release|x86
		{6038F50F-22B5-4A6F-8121-8ED60303A2B8}.Release|x86.Build.0 = Release|x86
		{79E7E8F7-771D-44C6-87BB-3A29699293DC}.Debug|Any CPU.ActiveCfg = Debug|Any CPU
		{79E7E8F7-771D-44C6-87BB-3A29699293DC}.Debug|Any CPU.Build.0 = Debug|Any CPU
		{79E7E8F7-771D-44C6-87BB-3A29699293DC}.Debug|Any CPU.Deploy.0 = Debug|Any CPU
		{79E7E8F7-771D-44C6-87BB-3A29699293DC}.Debug|ARM.ActiveCfg = Debug|ARM
		{79E7E8F7-771D-44C6-87BB-3A29699293DC}.Debug|ARM.Build.0 = Debug|ARM
		{79E7E8F7-771D-44C6-87BB-3A29699293DC}.Debug|ARM.Deploy.0 = Debug|ARM
		{79E7E8F7-771D-44C6-87BB-3A29699293DC}.Debug|x64.ActiveCfg = Debug|x64
		{79E7E8F7-771D-44C6-87BB-3A29699293DC}.Debug|x64.Build.0 = Debug|x64
		{79E7E8F7-771D-44C6-87BB-3A29699293DC}.Debug|x64.Deploy.0 = Debug|x64
		{79E7E8F7-771D-44C6-87BB-3A29699293DC}.Debug|x86.ActiveCfg = Debug|x86
		{79E7E8F7-771D-44C6-87BB-3A29699293DC}.Debug|x86.Build.0 = Debug|x86
		{79E7E8F7-771D-44C6-87BB-3A29699293DC}.Debug|x86.Deploy.0 = Debug|x86
		{79E7E8F7-771D-44C6-87BB-3A29699293DC}.Release|Any CPU.ActiveCfg = Release|Any CPU
		{79E7E8F7-771D-44C6-87BB-3A29699293DC}.Release|Any CPU.Build.0 = Release|Any CPU
		{79E7E8F7-771D-44C6-87BB-3A29699293DC}.Release|Any CPU.Deploy.0 = Release|Any CPU
		{79E7E8F7-771D-44C6-87BB-3A29699293DC}.Release|ARM.ActiveCfg = Release|ARM
		{79E7E8F7-771D-44C6-87BB-3A29699293DC}.Release|ARM.Build.0 = Release|ARM
		{79E7E8F7-771D-44C6-87BB-3A29699293DC}.Release|ARM.Deploy.0 = Release|ARM
		{79E7E8F7-771D-44C6-87BB-3A29699293DC}.Release|x64.ActiveCfg = Release|x64
		{79E7E8F7-771D-44C6-87BB-3A29699293DC}.Release|x64.Build.0 = Release|x64
		{79E7E8F7-771D-44C6-87BB-3A29699293DC}.Release|x64.Deploy.0 = Release|x64
		{79E7E8F7-771D-44C6-87BB-3A29699293DC}.Release|x86.ActiveCfg = Release|x86
		{79E7E8F7-771D-44C6-87BB-3A29699293DC}.Release|x86.Build.0 = Release|x86
		{79E7E8F7-771D-44C6-87BB-3A29699293DC}.Release|x86.Deploy.0 = Release|x86
		{FCEA5728-EC63-4194-940E-2C30FB1D22D3}.Debug|Any CPU.ActiveCfg = Debug|Any CPU
		{FCEA5728-EC63-4194-940E-2C30FB1D22D3}.Debug|Any CPU.Build.0 = Debug|Any CPU
		{FCEA5728-EC63-4194-940E-2C30FB1D22D3}.Debug|ARM.ActiveCfg = Debug|ARM
		{FCEA5728-EC63-4194-940E-2C30FB1D22D3}.Debug|ARM.Build.0 = Debug|ARM
		{FCEA5728-EC63-4194-940E-2C30FB1D22D3}.Debug|x64.ActiveCfg = Debug|x64
		{FCEA5728-EC63-4194-940E-2C30FB1D22D3}.Debug|x64.Build.0 = Debug|x64
		{FCEA5728-EC63-4194-940E-2C30FB1D22D3}.Debug|x86.ActiveCfg = Debug|x86
		{FCEA5728-EC63-4194-940E-2C30FB1D22D3}.Debug|x86.Build.0 = Debug|x86
		{FCEA5728-EC63-4194-940E-2C30FB1D22D3}.Release|Any CPU.ActiveCfg = Release|Any CPU
		{FCEA5728-EC63-4194-940E-2C30FB1D22D3}.Release|Any CPU.Build.0 = Release|Any CPU
		{FCEA5728-EC63-4194-940E-2C30FB1D22D3}.Release|ARM.ActiveCfg = Release|ARM
		{FCEA5728-EC63-4194-940E-2C30FB1D22D3}.Release|ARM.Build.0 = Release|ARM
		{FCEA5728-EC63-4194-940E-2C30FB1D22D3}.Release|x64.ActiveCfg = Release|x64
		{FCEA5728-EC63-4194-940E-2C30FB1D22D3}.Release|x64.Build.0 = Release|x64
		{FCEA5728-EC63-4194-940E-2C30FB1D22D3}.Release|x86.ActiveCfg = Release|x86
		{FCEA5728-EC63-4194-940E-2C30FB1D22D3}.Release|x86.Build.0 = Release|x86
		{C51043D9-8ABD-42E4-BFBE-ABB72642F6E2}.Debug|Any CPU.ActiveCfg = Debug|Any CPU
		{C51043D9-8ABD-42E4-BFBE-ABB72642F6E2}.Debug|Any CPU.Build.0 = Debug|Any CPU
		{C51043D9-8ABD-42E4-BFBE-ABB72642F6E2}.Debug|ARM.ActiveCfg = Debug|ARM
		{C51043D9-8ABD-42E4-BFBE-ABB72642F6E2}.Debug|ARM.Build.0 = Debug|ARM
		{C51043D9-8ABD-42E4-BFBE-ABB72642F6E2}.Debug|x64.ActiveCfg = Debug|x64
		{C51043D9-8ABD-42E4-BFBE-ABB72642F6E2}.Debug|x64.Build.0 = Debug|x64
		{C51043D9-8ABD-42E4-BFBE-ABB72642F6E2}.Debug|x86.ActiveCfg = Debug|x86
		{C51043D9-8ABD-42E4-BFBE-ABB72642F6E2}.Debug|x86.Build.0 = Debug|x86
		{C51043D9-8ABD-42E4-BFBE-ABB72642F6E2}.Release|Any CPU.ActiveCfg = Release|Any CPU
		{C51043D9-8ABD-42E4-BFBE-ABB72642F6E2}.Release|Any CPU.Build.0 = Release|Any CPU
		{C51043D9-8ABD-42E4-BFBE-ABB72642F6E2}.Release|ARM.ActiveCfg = Release|ARM
		{C51043D9-8ABD-42E4-BFBE-ABB72642F6E2}.Release|ARM.Build.0 = Release|ARM
		{C51043D9-8ABD-42E4-BFBE-ABB72642F6E2}.Release|x64.ActiveCfg = Release|x64
		{C51043D9-8ABD-42E4-BFBE-ABB72642F6E2}.Release|x64.Build.0 = Release|x64
		{C51043D9-8ABD-42E4-BFBE-ABB72642F6E2}.Release|x86.ActiveCfg = Release|x86
		{C51043D9-8ABD-42E4-BFBE-ABB72642F6E2}.Release|x86.Build.0 = Release|x86
		{C06A076B-E8CA-4D21-8C53-E27BD4FDA010}.Debug|Any CPU.ActiveCfg = Debug|Any CPU
		{C06A076B-E8CA-4D21-8C53-E27BD4FDA010}.Debug|Any CPU.Build.0 = Debug|Any CPU
		{C06A076B-E8CA-4D21-8C53-E27BD4FDA010}.Debug|ARM.ActiveCfg = Debug|ARM
		{C06A076B-E8CA-4D21-8C53-E27BD4FDA010}.Debug|ARM.Build.0 = Debug|ARM
		{C06A076B-E8CA-4D21-8C53-E27BD4FDA010}.Debug|x64.ActiveCfg = Debug|Any CPU
		{C06A076B-E8CA-4D21-8C53-E27BD4FDA010}.Debug|x86.ActiveCfg = Debug|x86
		{C06A076B-E8CA-4D21-8C53-E27BD4FDA010}.Debug|x86.Build.0 = Debug|x86
		{C06A076B-E8CA-4D21-8C53-E27BD4FDA010}.Release|Any CPU.ActiveCfg = Release|Any CPU
		{C06A076B-E8CA-4D21-8C53-E27BD4FDA010}.Release|Any CPU.Build.0 = Release|Any CPU
		{C06A076B-E8CA-4D21-8C53-E27BD4FDA010}.Release|ARM.ActiveCfg = Release|ARM
		{C06A076B-E8CA-4D21-8C53-E27BD4FDA010}.Release|ARM.Build.0 = Release|ARM
		{C06A076B-E8CA-4D21-8C53-E27BD4FDA010}.Release|x64.ActiveCfg = Release|Any CPU
		{C06A076B-E8CA-4D21-8C53-E27BD4FDA010}.Release|x86.ActiveCfg = Release|x86
		{C06A076B-E8CA-4D21-8C53-E27BD4FDA010}.Release|x86.Build.0 = Release|x86
	EndGlobalSection
	GlobalSection(SolutionProperties) = preSolution
		HideSolutionNode = FALSE
	EndGlobalSection
	GlobalSection(NestedProjects) = preSolution
		{C8997941-621C-4728-B9EB-BFF3EDED0285} = {98E254F3-6D39-424F-A4BE-C42A42FAA0C4}
		{6038F50F-22B5-4A6F-8121-8ED60303A2B8} = {98E254F3-6D39-424F-A4BE-C42A42FAA0C4}
		{A551BFF3-6A0E-4DDF-91F3-845FE8D571CF} = {98E254F3-6D39-424F-A4BE-C42A42FAA0C4}
		{C06A076B-E8CA-4D21-8C53-E27BD4FDA010} = {98E254F3-6D39-424F-A4BE-C42A42FAA0C4}
		{79E7E8F7-771D-44C6-87BB-3A29699293DC} = {71775148-9E78-4B91-B1D0-0956C262A107}
		{FCEA5728-EC63-4194-940E-2C30FB1D22D3} = {71775148-9E78-4B91-B1D0-0956C262A107}
		{C51043D9-8ABD-42E4-BFBE-ABB72642F6E2} = {71775148-9E78-4B91-B1D0-0956C262A107}
	EndGlobalSection
EndGlobal
